// !$*UTF8*$!
{
	archiveVersion = 1;
	classes = {
	};
	objectVersion = 46;
	objects = {

/* Begin PBXBuildFile section */
		C100252D1A623952001B52C9 /* PATableViewController.m in Sources */ = {isa = PBXBuildFile; fileRef = C100252C1A623952001B52C9 /* PATableViewController.m */; };
		C1E4C59D1A3FF63700D1DD94 /* main.m in Sources */ = {isa = PBXBuildFile; fileRef = C1E4C59C1A3FF63700D1DD94 /* main.m */; };
		C1E4C5A01A3FF63700D1DD94 /* AppDelegate.m in Sources */ = {isa = PBXBuildFile; fileRef = C1E4C59F1A3FF63700D1DD94 /* AppDelegate.m */; };
		C1E4C5A61A3FF63700D1DD94 /* Main.storyboard in Resources */ = {isa = PBXBuildFile; fileRef = C1E4C5A41A3FF63700D1DD94 /* Main.storyboard */; };
		C1E4C5A81A3FF63700D1DD94 /* Images.xcassets in Resources */ = {isa = PBXBuildFile; fileRef = C1E4C5A71A3FF63700D1DD94 /* Images.xcassets */; };
		C1E4C5AB1A3FF63700D1DD94 /* LaunchScreen.xib in Resources */ = {isa = PBXBuildFile; fileRef = C1E4C5A91A3FF63700D1DD94 /* LaunchScreen.xib */; };
		C1E4C5B71A3FF63700D1DD94 /* PowerNoteTests.m in Sources */ = {isa = PBXBuildFile; fileRef = C1E4C5B61A3FF63700D1DD94 /* PowerNoteTests.m */; };
		C1EA2DF11A637F2F006AFC2D /* NoteModel.xcdatamodeld in Sources */ = {isa = PBXBuildFile; fileRef = C1EA2DEF1A637F2F006AFC2D /* NoteModel.xcdatamodeld */; };
		C1EA2DF41A63859A006AFC2D /* Note.m in Sources */ = {isa = PBXBuildFile; fileRef = C1EA2DF31A63859A006AFC2D /* Note.m */; };
		C1EA2DF71A638E4C006AFC2D /* PATextViewController.m in Sources */ = {isa = PBXBuildFile; fileRef = C1EA2DF61A638E4C006AFC2D /* PATextViewController.m */; };
/* End PBXBuildFile section */

/* Begin PBXContainerItemProxy section */
		C1E4C5B11A3FF63700D1DD94 /* PBXContainerItemProxy */ = {
			isa = PBXContainerItemProxy;
			containerPortal = C1E4C58F1A3FF63700D1DD94 /* Project object */;
			proxyType = 1;
			remoteGlobalIDString = C1E4C5961A3FF63700D1DD94;
			remoteInfo = PowerNote;
		};
/* End PBXContainerItemProxy section */

/* Begin PBXFileReference section */
		C100252B1A623952001B52C9 /* PATableViewController.h */ = {isa = PBXFileReference; fileEncoding = 4; lastKnownFileType = sourcecode.c.h; path = PATableViewController.h; sourceTree = "<group>"; };
		C100252C1A623952001B52C9 /* PATableViewController.m */ = {isa = PBXFileReference; fileEncoding = 4; lastKnownFileType = sourcecode.c.objc; path = PATableViewController.m; sourceTree = "<group>"; };
		C1E4C5971A3FF63700D1DD94 /* PowerNote.app */ = {isa = PBXFileReference; explicitFileType = wrapper.application; includeInIndex = 0; path = PowerNote.app; sourceTree = BUILT_PRODUCTS_DIR; };
		C1E4C59B1A3FF63700D1DD94 /* Info.plist */ = {isa = PBXFileReference; lastKnownFileType = text.plist.xml; path = Info.plist; sourceTree = "<group>"; };
		C1E4C59C1A3FF63700D1DD94 /* main.m */ = {isa = PBXFileReference; lastKnownFileType = sourcecode.c.objc; path = main.m; sourceTree = "<group>"; };
		C1E4C59E1A3FF63700D1DD94 /* AppDelegate.h */ = {isa = PBXFileReference; lastKnownFileType = sourcecode.c.h; path = AppDelegate.h; sourceTree = "<group>"; };
		C1E4C59F1A3FF63700D1DD94 /* AppDelegate.m */ = {isa = PBXFileReference; lastKnownFileType = sourcecode.c.objc; path = AppDelegate.m; sourceTree = "<group>"; };
		C1E4C5A51A3FF63700D1DD94 /* Base */ = {isa = PBXFileReference; lastKnownFileType = file.storyboard; name = Base; path = Base.lproj/Main.storyboard; sourceTree = "<group>"; };
		C1E4C5A71A3FF63700D1DD94 /* Images.xcassets */ = {isa = PBXFileReference; lastKnownFileType = folder.assetcatalog; path = Images.xcassets; sourceTree = "<group>"; };
		C1E4C5AA1A3FF63700D1DD94 /* Base */ = {isa = PBXFileReference; lastKnownFileType = file.xib; name = Base; path = Base.lproj/LaunchScreen.xib; sourceTree = "<group>"; };
		C1E4C5B01A3FF63700D1DD94 /* PowerNoteTests.xctest */ = {isa = PBXFileReference; explicitFileType = wrapper.cfbundle; includeInIndex = 0; path = PowerNoteTests.xctest; sourceTree = BUILT_PRODUCTS_DIR; };
		C1E4C5B51A3FF63700D1DD94 /* Info.plist */ = {isa = PBXFileReference; lastKnownFileType = text.plist.xml; path = Info.plist; sourceTree = "<group>"; };
		C1E4C5B61A3FF63700D1DD94 /* PowerNoteTests.m */ = {isa = PBXFileReference; lastKnownFileType = sourcecode.c.objc; path = PowerNoteTests.m; sourceTree = "<group>"; };
		C1EA2DF01A637F2F006AFC2D /* NoteModel.xcdatamodel */ = {isa = PBXFileReference; lastKnownFileType = wrapper.xcdatamodel; path = NoteModel.xcdatamodel; sourceTree = "<group>"; };
		C1EA2DF21A63859A006AFC2D /* Note.h */ = {isa = PBXFileReference; fileEncoding = 4; lastKnownFileType = sourcecode.c.h; path = Note.h; sourceTree = "<group>"; };
		C1EA2DF31A63859A006AFC2D /* Note.m */ = {isa = PBXFileReference; fileEncoding = 4; lastKnownFileType = sourcecode.c.objc; path = Note.m; sourceTree = "<group>"; };
		C1EA2DF51A638E4C006AFC2D /* PATextViewController.h */ = {isa = PBXFileReference; fileEncoding = 4; lastKnownFileType = sourcecode.c.h; path = PATextViewController.h; sourceTree = "<group>"; };
		C1EA2DF61A638E4C006AFC2D /* PATextViewController.m */ = {isa = PBXFileReference; fileEncoding = 4; lastKnownFileType = sourcecode.c.objc; path = PATextViewController.m; sourceTree = "<group>"; };
/* End PBXFileReference section */

/* Begin PBXFrameworksBuildPhase section */
		C1E4C5941A3FF63700D1DD94 /* Frameworks */ = {
			isa = PBXFrameworksBuildPhase;
			buildActionMask = 2147483647;
			files = (
			);
			runOnlyForDeploymentPostprocessing = 0;
		};
		C1E4C5AD1A3FF63700D1DD94 /* Frameworks */ = {
			isa = PBXFrameworksBuildPhase;
			buildActionMask = 2147483647;
			files = (
			);
			runOnlyForDeploymentPostprocessing = 0;
		};
/* End PBXFrameworksBuildPhase section */

/* Begin PBXGroup section */
		C1E4C58E1A3FF63700D1DD94 = {
			isa = PBXGroup;
			children = (
				C1E4C5991A3FF63700D1DD94 /* PowerNote */,
				C1E4C5B31A3FF63700D1DD94 /* PowerNoteTests */,
				C1E4C5981A3FF63700D1DD94 /* Products */,
			);
			sourceTree = "<group>";
		};
		C1E4C5981A3FF63700D1DD94 /* Products */ = {
			isa = PBXGroup;
			children = (
				C1E4C5971A3FF63700D1DD94 /* PowerNote.app */,
				C1E4C5B01A3FF63700D1DD94 /* PowerNoteTests.xctest */,
			);
			name = Products;
			sourceTree = "<group>";
		};
		C1E4C5991A3FF63700D1DD94 /* PowerNote */ = {
			isa = PBXGroup;
			children = (
				C1EA2DEF1A637F2F006AFC2D /* NoteModel.xcdatamodeld */,
				C1EA2DF21A63859A006AFC2D /* Note.h */,
				C1EA2DF31A63859A006AFC2D /* Note.m */,
				C1E4C59E1A3FF63700D1DD94 /* AppDelegate.h */,
				C1E4C59F1A3FF63700D1DD94 /* AppDelegate.m */,
				C1EA2DF51A638E4C006AFC2D /* PATextViewController.h */,
				C1EA2DF61A638E4C006AFC2D /* PATextViewController.m */,
				C100252B1A623952001B52C9 /* PATableViewController.h */,
				C100252C1A623952001B52C9 /* PATableViewController.m */,
				C1E4C5A41A3FF63700D1DD94 /* Main.storyboard */,
				C1E4C5A71A3FF63700D1DD94 /* Images.xcassets */,
				C1E4C5A91A3FF63700D1DD94 /* LaunchScreen.xib */,
				C1E4C59A1A3FF63700D1DD94 /* Supporting Files */,
			);
			path = PowerNote;
			sourceTree = "<group>";
		};
		C1E4C59A1A3FF63700D1DD94 /* Supporting Files */ = {
			isa = PBXGroup;
			children = (
				C1E4C59B1A3FF63700D1DD94 /* Info.plist */,
				C1E4C59C1A3FF63700D1DD94 /* main.m */,
			);
			name = "Supporting Files";
			sourceTree = "<group>";
		};
		C1E4C5B31A3FF63700D1DD94 /* PowerNoteTests */ = {
			isa = PBXGroup;
			children = (
				C1E4C5B61A3FF63700D1DD94 /* PowerNoteTests.m */,
				C1E4C5B41A3FF63700D1DD94 /* Supporting Files */,
			);
			path = PowerNoteTests;
			sourceTree = "<group>";
		};
		C1E4C5B41A3FF63700D1DD94 /* Supporting Files */ = {
			isa = PBXGroup;
			children = (
				C1E4C5B51A3FF63700D1DD94 /* Info.plist */,
			);
			name = "Supporting Files";
			sourceTree = "<group>";
		};
/* End PBXGroup section */

/* Begin PBXNativeTarget section */
		C1E4C5961A3FF63700D1DD94 /* PowerNote */ = {
			isa = PBXNativeTarget;
			buildConfigurationList = C1E4C5BA1A3FF63700D1DD94 /* Build configuration list for PBXNativeTarget "PowerNote" */;
			buildPhases = (
				C1E4C5931A3FF63700D1DD94 /* Sources */,
				C1E4C5941A3FF63700D1DD94 /* Frameworks */,
				C1E4C5951A3FF63700D1DD94 /* Resources */,
			);
			buildRules = (
			);
			dependencies = (
			);
			name = PowerNote;
			productName = PowerNote;
			productReference = C1E4C5971A3FF63700D1DD94 /* PowerNote.app */;
			productType = "com.apple.product-type.application";
		};
		C1E4C5AF1A3FF63700D1DD94 /* PowerNoteTests */ = {
			isa = PBXNativeTarget;
			buildConfigurationList = C1E4C5BD1A3FF63700D1DD94 /* Build configuration list for PBXNativeTarget "PowerNoteTests" */;
			buildPhases = (
				C1E4C5AC1A3FF63700D1DD94 /* Sources */,
				C1E4C5AD1A3FF63700D1DD94 /* Frameworks */,
				C1E4C5AE1A3FF63700D1DD94 /* Resources */,
			);
			buildRules = (
			);
			dependencies = (
				C1E4C5B21A3FF63700D1DD94 /* PBXTargetDependency */,
			);
			name = PowerNoteTests;
			productName = PowerNoteTests;
			productReference = C1E4C5B01A3FF63700D1DD94 /* PowerNoteTests.xctest */;
			productType = "com.apple.product-type.bundle.unit-test";
		};
/* End PBXNativeTarget section */

/* Begin PBXProject section */
		C1E4C58F1A3FF63700D1DD94 /* Project object */ = {
			isa = PBXProject;
			attributes = {
				LastUpgradeCheck = 0610;
				ORGANIZATIONNAME = paubins;
				TargetAttributes = {
					C1E4C5961A3FF63700D1DD94 = {
						CreatedOnToolsVersion = 6.1.1;
						DevelopmentTeam = 3XSPEUHQ6Y;
					};
					C1E4C5AF1A3FF63700D1DD94 = {
						CreatedOnToolsVersion = 6.1.1;
						TestTargetID = C1E4C5961A3FF63700D1DD94;
					};
				};
			};
			buildConfigurationList = C1E4C5921A3FF63700D1DD94 /* Build configuration list for PBXProject "PowerNote" */;
			compatibilityVersion = "Xcode 3.2";
			developmentRegion = English;
			hasScannedForEncodings = 0;
			knownRegions = (
				en,
				Base,
			);
			mainGroup = C1E4C58E1A3FF63700D1DD94;
			productRefGroup = C1E4C5981A3FF63700D1DD94 /* Products */;
			projectDirPath = "";
			projectRoot = "";
			targets = (
				C1E4C5961A3FF63700D1DD94 /* PowerNote */,
				C1E4C5AF1A3FF63700D1DD94 /* PowerNoteTests */,
			);
		};
/* End PBXProject section */

/* Begin PBXResourcesBuildPhase section */
		C1E4C5951A3FF63700D1DD94 /* Resources */ = {
			isa = PBXResourcesBuildPhase;
			buildActionMask = 2147483647;
			files = (
				C1E4C5A61A3FF63700D1DD94 /* Main.storyboard in Resources */,
				C1E4C5AB1A3FF63700D1DD94 /* LaunchScreen.xib in Resources */,
				C1E4C5A81A3FF63700D1DD94 /* Images.xcassets in Resources */,
			);
			runOnlyForDeploymentPostprocessing = 0;
		};
		C1E4C5AE1A3FF63700D1DD94 /* Resources */ = {
			isa = PBXResourcesBuildPhase;
			buildActionMask = 2147483647;
			files = (
			);
			runOnlyForDeploymentPostprocessing = 0;
		};
/* End PBXResourcesBuildPhase section */

/* Begin PBXSourcesBuildPhase section */
		C1E4C5931A3FF63700D1DD94 /* Sources */ = {
			isa = PBXSourcesBuildPhase;
			buildActionMask = 2147483647;
			files = (
				C1E4C5A01A3FF63700D1DD94 /* AppDelegate.m in Sources */,
				C1EA2DF11A637F2F006AFC2D /* NoteModel.xcdatamodeld in Sources */,
				C1EA2DF41A63859A006AFC2D /* Note.m in Sources */,
				C100252D1A623952001B52C9 /* PATableViewController.m in Sources */,
				C1E4C59D1A3FF63700D1DD94 /* main.m in Sources */,
				C1EA2DF71A638E4C006AFC2D /* PATextViewController.m in Sources */,
			);
			runOnlyForDeploymentPostprocessing = 0;
		};
		C1E4C5AC1A3FF63700D1DD94 /* Sources */ = {
			isa = PBXSourcesBuildPhase;
			buildActionMask = 2147483647;
			files = (
				C1E4C5B71A3FF63700D1DD94 /* PowerNoteTests.m in Sources */,
			);
			runOnlyForDeploymentPostprocessing = 0;
		};
/* End PBXSourcesBuildPhase section */

/* Begin PBXTargetDependency section */
		C1E4C5B21A3FF63700D1DD94 /* PBXTargetDependency */ = {
			isa = PBXTargetDependency;
			target = C1E4C5961A3FF63700D1DD94 /* PowerNote */;
			targetProxy = C1E4C5B11A3FF63700D1DD94 /* PBXContainerItemProxy */;
		};
/* End PBXTargetDependency section */

/* Begin PBXVariantGroup section */
		C1E4C5A41A3FF63700D1DD94 /* Main.storyboard */ = {
			isa = PBXVariantGroup;
			children = (
				C1E4C5A51A3FF63700D1DD94 /* Base */,
			);
			name = Main.storyboard;
			sourceTree = "<group>";
		};
		C1E4C5A91A3FF63700D1DD94 /* LaunchScreen.xib */ = {
			isa = PBXVariantGroup;
			children = (
				C1E4C5AA1A3FF63700D1DD94 /* Base */,
			);
			name = LaunchScreen.xib;
			sourceTree = "<group>";
		};
/* End PBXVariantGroup section */

/* Begin XCBuildConfiguration section */
		C1E4C5B81A3FF63700D1DD94 /* Debug */ = {
			isa = XCBuildConfiguration;
			buildSettings = {
				ALWAYS_SEARCH_USER_PATHS = NO;
				CLANG_CXX_LANGUAGE_STANDARD = "gnu++0x";
				CLANG_CXX_LIBRARY = "libc++";
				CLANG_ENABLE_MODULES = YES;
				CLANG_ENABLE_OBJC_ARC = YES;
				CLANG_WARN_BOOL_CONVERSION = YES;
				CLANG_WARN_CONSTANT_CONVERSION = YES;
				CLANG_WARN_DIRECT_OBJC_ISA_USAGE = YES_ERROR;
				CLANG_WARN_EMPTY_BODY = YES;
				CLANG_WARN_ENUM_CONVERSION = YES;
				CLANG_WARN_INT_CONVERSION = YES;
				CLANG_WARN_OBJC_ROOT_CLASS = YES_ERROR;
				CLANG_WARN_UNREACHABLE_CODE = YES;
				CLANG_WARN__DUPLICATE_METHOD_MATCH = YES;
				"CODE_SIGN_IDENTITY[sdk=iphoneos*]" = "iPhone Developer";
				COPY_PHASE_STRIP = NO;
				ENABLE_STRICT_OBJC_MSGSEND = YES;
				GCC_C_LANGUAGE_STANDARD = gnu99;
				GCC_DYNAMIC_NO_PIC = NO;
				GCC_OPTIMIZATION_LEVEL = 0;
				GCC_PREPROCESSOR_DEFINITIONS = (
					"DEBUG=1",
					"$(inherited)",
				);
				GCC_SYMBOLS_PRIVATE_EXTERN = NO;
				GCC_WARN_64_TO_32_BIT_CONVERSION = YES;
				GCC_WARN_ABOUT_RETURN_TYPE = YES_ERROR;
				GCC_WARN_UNDECLARED_SELECTOR = YES;
				GCC_WARN_UNINITIALIZED_AUTOS = YES_AGGRESSIVE;
				GCC_WARN_UNUSED_FUNCTION = YES;
				GCC_WARN_UNUSED_VARIABLE = YES;
				IPHONEOS_DEPLOYMENT_TARGET = 8.1;
				MTL_ENABLE_DEBUG_INFO = YES;
				ONLY_ACTIVE_ARCH = YES;
				SDKROOT = iphoneos;
			};
			name = Debug;
		};
		C1E4C5B91A3FF63700D1DD94 /* Release */ = {
			isa = XCBuildConfiguration;
			buildSettings = {
				ALWAYS_SEARCH_USER_PATHS = NO;
				CLANG_CXX_LANGUAGE_STANDARD = "gnu++0x";
				CLANG_CXX_LIBRARY = "libc++";
				CLANG_ENABLE_MODULES = YES;
				CLANG_ENABLE_OBJC_ARC = YES;
				CLANG_WARN_BOOL_CONVERSION = YES;
				CLANG_WARN_CONSTANT_CONVERSION = YES;
				CLANG_WARN_DIRECT_OBJC_ISA_USAGE = YES_ERROR;
				CLANG_WARN_EMPTY_BODY = YES;
				CLANG_WARN_ENUM_CONVERSION = YES;
				CLANG_WARN_INT_CONVERSION = YES;
				CLANG_WARN_OBJC_ROOT_CLASS = YES_ERROR;
				CLANG_WARN_UNREACHABLE_CODE = YES;
				CLANG_WARN__DUPLICATE_METHOD_MATCH = YES;
				"CODE_SIGN_IDENTITY[sdk=iphoneos*]" = "iPhone Developer";
				COPY_PHASE_STRIP = YES;
				ENABLE_NS_ASSERTIONS = NO;
				ENABLE_STRICT_OBJC_MSGSEND = YES;
				GCC_C_LANGUAGE_STANDARD = gnu99;
				GCC_WARN_64_TO_32_BIT_CONVERSION = YES;
				GCC_WARN_ABOUT_RETURN_TYPE = YES_ERROR;
				GCC_WARN_UNDECLARED_SELECTOR = YES;
				GCC_WARN_UNINITIALIZED_AUTOS = YES_AGGRESSIVE;
				GCC_WARN_UNUSED_FUNCTION = YES;
				GCC_WARN_UNUSED_VARIABLE = YES;
				IPHONEOS_DEPLOYMENT_TARGET = 8.1;
				MTL_ENABLE_DEBUG_INFO = NO;
				SDKROOT = iphoneos;
				VALIDATE_PRODUCT = YES;
			};
			name = Release;
		};
		C1E4C5BB1A3FF63700D1DD94 /* Debug */ = {
			isa = XCBuildConfiguration;
			buildSettings = {
				ASSETCATALOG_COMPILER_APPICON_NAME = AppIcon;
				CODE_SIGN_IDENTITY = "iPhone Developer";
				"CODE_SIGN_IDENTITY[sdk=iphoneos*]" = "iPhone Developer";
				GCC_PREPROCESSOR_DEFINITIONS = (
					"DEBUG=1",
					"$(inherited)",
				);
				INFOPLIST_FILE = PowerNote/Info.plist;
				LD_RUNPATH_SEARCH_PATHS = "$(inherited) @executable_path/Frameworks";
				PRODUCT_NAME = "$(TARGET_NAME)";
				PROVISIONING_PROFILE = "";
			};
			name = Debug;
		};
		C1E4C5BC1A3FF63700D1DD94 /* Release */ = {
			isa = XCBuildConfiguration;
			buildSettings = {
				ASSETCATALOG_COMPILER_APPICON_NAME = AppIcon;
				CODE_SIGN_IDENTITY = "iPhone Developer";
				"CODE_SIGN_IDENTITY[sdk=iphoneos*]" = "iPhone Developer";
				INFOPLIST_FILE = PowerNote/Info.plist;
				LD_RUNPATH_SEARCH_PATHS = "$(inherited) @executable_path/Frameworks";
				PRODUCT_NAME = "$(TARGET_NAME)";
				PROVISIONING_PROFILE = "";
			};
			name = Release;
		};
		C1E4C5BE1A3FF63700D1DD94 /* Debug */ = {
			isa = XCBuildConfiguration;
			buildSettings = {
				BUNDLE_LOADER = "$(TEST_HOST)";
				FRAMEWORK_SEARCH_PATHS = (
					"$(SDKROOT)/Developer/Library/Frameworks",
					"$(inherited)",
				);
				GCC_PREPROCESSOR_DEFINITIONS = (
					"DEBUG=1",
					"$(inherited)",
				);
				INFOPLIST_FILE = PowerNoteTests/Info.plist;
				LD_RUNPATH_SEARCH_PATHS = "$(inherited) @executable_path/Frameworks @loader_path/Frameworks";
				PRODUCT_NAME = "$(TARGET_NAME)";
				TEST_HOST = "$(BUILT_PRODUCTS_DIR)/PowerNote.app/PowerNote";
			};
			name = Debug;
		};
		C1E4C5BF1A3FF63700D1DD94 /* Release */ = {
			isa = XCBuildConfiguration;
			buildSettings = {
				BUNDLE_LOADER = "$(TEST_HOST)";
				FRAMEWORK_SEARCH_PATHS = (
					"$(SDKROOT)/Developer/Library/Frameworks",
					"$(inherited)",
				);
				INFOPLIST_FILE = PowerNoteTests/Info.plist;
				LD_RUNPATH_SEARCH_PATHS = "$(inherited) @executable_path/Frameworks @loader_path/Frameworks";
				PRODUCT_NAME = "$(TARGET_NAME)";
				TEST_HOST = "$(BUILT_PRODUCTS_DIR)/PowerNote.app/PowerNote";
			};
			name = Release;
		};
/* End XCBuildConfiguration section */

/* Begin XCConfigurationList section */
		C1E4C5921A3FF63700D1DD94 /* Build configuration list for PBXProject "PowerNote" */ = {
			isa = XCConfigurationList;
			buildConfigurations = (
				C1E4C5B81A3FF63700D1DD94 /* Debug */,
				C1E4C5B91A3FF63700D1DD94 /* Release */,
			);
			defaultConfigurationIsVisible = 0;
			defaultConfigurationName = Release;
		};
		C1E4C5BA1A3FF63700D1DD94 /* Build configuration list for PBXNativeTarget "PowerNote" */ = {
			isa = XCConfigurationList;
			buildConfigurations = (
				C1E4C5BB1A3FF63700D1DD94 /* Debug */,
				C1E4C5BC1A3FF63700D1DD94 /* Release */,
			);
			defaultConfigurationIsVisible = 0;
			defaultConfigurationName = Release;
		};
		C1E4C5BD1A3FF63700D1DD94 /* Build configuration list for PBXNativeTarget "PowerNoteTests" */ = {
			isa = XCConfigurationList;
			buildConfigurations = (
				C1E4C5BE1A3FF63700D1DD94 /* Debug */,
				C1E4C5BF1A3FF63700D1DD94 /* Release */,
			);
			defaultConfigurationIsVisible = 0;
			defaultConfigurationName = Release;
		};
/* End XCConfigurationList section */

/* Begin XCVersionGroup section */
		C1EA2DEF1A637F2F006AFC2D /* NoteModel.xcdatamodeld */ = {
			isa = XCVersionGroup;
			children = (
				C1EA2DF01A637F2F006AFC2D /* NoteModel.xcdatamodel */,
			);
			currentVersion = C1EA2DF01A637F2F006AFC2D /* NoteModel.xcdatamodel */;
			name = NoteModel.xcdatamodeld;
			path = ../NoteModel.xcdatamodeld;
			sourceTree = "<group>";
			versionGroupType = wrapper.xcdatamodel;
		};
/* End XCVersionGroup section */
	};
	rootObject = C1E4C58F1A3FF63700D1DD94 /* Project object */;
}
